
Microsoft Visual Studio Solution File, Format Version 12.00
# Visual Studio Version 17
VisualStudioVersion = 17.0.32014.148
MinimumVisualStudioVersion = 10.0.40219.1
Project("{54A90642-561A-4BB1-A94E-469ADEE60C69}") = "frontend", "frontend\frontend.esproj", "{5DF523C3-AC11-4954-9B78-D83D2A6EEEC5}"
EndProject
Project("{9A19103F-16F7-4668-BE54-9A1E7A4F7556}") = "backend", "backend\backend.csproj", "{ABC0C870-B03B-4FB9-B83B-57F120128BB0}"
EndProject
Global
	GlobalSection(SolutionConfigurationPlatforms) = preSolution
		Debug|Any CPU = Debug|Any CPU
		Release|Any CPU = Release|Any CPU
	EndGlobalSection
	GlobalSection(ProjectConfigurationPlatforms) = postSolution
		{5DF523C3-AC11-4954-9B78-D83D2A6EEEC5}.Debug|Any CPU.ActiveCfg = Debug|Any CPU
		{5DF523C3-AC11-4954-9B78-D83D2A6EEEC5}.Debug|Any CPU.Build.0 = Debug|Any CPU
		{5DF523C3-AC11-4954-9B78-D83D2A6EEEC5}.Debug|Any CPU.Deploy.0 = Debug|Any CPU
		{5DF523C3-AC11-4954-9B78-D83D2A6EEEC5}.Release|Any CPU.ActiveCfg = Release|Any CPU
		{5DF523C3-AC11-4954-9B78-D83D2A6EEEC5}.Release|Any CPU.Build.0 = Release|Any CPU
		{5DF523C3-AC11-4954-9B78-D83D2A6EEEC5}.Release|Any CPU.Deploy.0 = Release|Any CPU
		{ABC0C870-B03B-4FB9-B83B-57F120128BB0}.Debug|Any CPU.ActiveCfg = Debug|Any CPU
		{ABC0C870-B03B-4FB9-B83B-57F120128BB0}.Debug|Any CPU.Build.0 = Debug|Any CPU
		{ABC0C870-B03B-4FB9-B83B-57F120128BB0}.Release|Any CPU.ActiveCfg = Release|Any CPU
		{ABC0C870-B03B-4FB9-B83B-57F120128BB0}.Release|Any CPU.Build.0 = Release|Any CPU
	EndGlobalSection
	GlobalSection(SolutionProperties) = preSolution
		HideSolutionNode = FALSE
	EndGlobalSection
	GlobalSection(ExtensibilityGlobals) = postSolution
		SolutionGuid = {444A6687-7C8C-4B63-9F22-F38F6B576A3B}
	EndGlobalSection
EndGlobal
